
Microsoft Visual Studio Solution File, Format Version 12.00
# Visual Studio Version 16
VisualStudioVersion = 16.0.30011.22
MinimumVisualStudioVersion = 10.0.40219.1
Project("{FAE04EC0-301F-11D3-BF4B-00C04F79EFBC}") = "ActividadesUT2-4", "ActividadesUT2-4\ActividadesUT2-4.csproj", "{801EBAD7-85E6-4DA2-A021-95E335E554CA}"
EndProject
Global
	GlobalSection(SolutionConfigurationPlatforms) = preSolution
		Debug|Any CPU = Debug|Any CPU
		Release|Any CPU = Release|Any CPU
	EndGlobalSection
	GlobalSection(ProjectConfigurationPlatforms) = postSolution
		{801EBAD7-85E6-4DA2-A021-95E335E554CA}.Debug|Any CPU.ActiveCfg = Debug|Any CPU
		{801EBAD7-85E6-4DA2-A021-95E335E554CA}.Debug|Any CPU.Build.0 = Debug|Any CPU
		{801EBAD7-85E6-4DA2-A021-95E335E554CA}.Release|Any CPU.ActiveCfg = Release|Any CPU
		{801EBAD7-85E6-4DA2-A021-95E335E554CA}.Release|Any CPU.Build.0 = Release|Any CPU
	EndGlobalSection
	GlobalSection(SolutionProperties) = preSolution
		HideSolutionNode = FALSE
	EndGlobalSection
	GlobalSection(ExtensibilityGlobals) = postSolution
		SolutionGuid = {47D5E2CB-0AD3-42DF-ACAA-7788E124AE35}
	EndGlobalSection
EndGlobal
